
Microsoft Visual Studio Solution File, Format Version 12.00
# Visual Studio 2013
VisualStudioVersion = 12.0.30723.0
MinimumVisualStudioVersion = 10.0.40219.1
Project("{F2A71F9B-5D33-465A-A702-920D77279786}") = "FSharpEulerProblems", "FSharpEulerProblems\FSharpEulerProblems.fsproj", "{70191886-ECEC-4682-BD8E-63CCA57D3D75}"
EndProject
Project("{2150E333-8FDC-42A3-9474-1A3956D46DE8}") = ".nuget", ".nuget", "{1555533B-0541-4C82-B300-57FEDBA2BBBC}"
	ProjectSection(SolutionItems) = preProject
		.nuget\packages.config = .nuget\packages.config
	EndProjectSection
EndProject
Project("{F2A71F9B-5D33-465A-A702-920D77279786}") = "FsharpEulerProblemsNunitTest", "FsharpEulerProblemsNunitTest\FsharpEulerProblemsNunitTest.fsproj", "{A3B9088D-DA7B-4F0D-BEF1-B03D0875B1DE}"
EndProject
Global
	GlobalSection(SolutionConfigurationPlatforms) = preSolution
		Debug|Any CPU = Debug|Any CPU
		Release|Any CPU = Release|Any CPU
	EndGlobalSection
	GlobalSection(ProjectConfigurationPlatforms) = postSolution
		{70191886-ECEC-4682-BD8E-63CCA57D3D75}.Debug|Any CPU.ActiveCfg = Debug|Any CPU
		{70191886-ECEC-4682-BD8E-63CCA57D3D75}.Debug|Any CPU.Build.0 = Debug|Any CPU
		{70191886-ECEC-4682-BD8E-63CCA57D3D75}.Release|Any CPU.ActiveCfg = Release|Any CPU
		{70191886-ECEC-4682-BD8E-63CCA57D3D75}.Release|Any CPU.Build.0 = Release|Any CPU
		{A3B9088D-DA7B-4F0D-BEF1-B03D0875B1DE}.Debug|Any CPU.ActiveCfg = Debug|Any CPU
		{A3B9088D-DA7B-4F0D-BEF1-B03D0875B1DE}.Debug|Any CPU.Build.0 = Debug|Any CPU
		{A3B9088D-DA7B-4F0D-BEF1-B03D0875B1DE}.Release|Any CPU.ActiveCfg = Release|Any CPU
		{A3B9088D-DA7B-4F0D-BEF1-B03D0875B1DE}.Release|Any CPU.Build.0 = Release|Any CPU
	EndGlobalSection
	GlobalSection(SolutionProperties) = preSolution
		HideSolutionNode = FALSE
	EndGlobalSection
EndGlobal
